
Microsoft Visual Studio Solution File, Format Version 12.00
# Visual Studio Version 16
VisualStudioVersion = 16.0.30503.244
MinimumVisualStudioVersion = 10.0.40219.1
Project("{FAE04EC0-301F-11D3-BF4B-00C04F79EFBC}") = "Dungeon", "Dungeon\Dungeon.csproj", "{125278D3-EEDA-4B23-BEEE-0CFFCC599C62}"
EndProject
Global
	GlobalSection(SolutionConfigurationPlatforms) = preSolution
		Debug|Any CPU = Debug|Any CPU
		Release|Any CPU = Release|Any CPU
	EndGlobalSection
	GlobalSection(ProjectConfigurationPlatforms) = postSolution
		{125278D3-EEDA-4B23-BEEE-0CFFCC599C62}.Debug|Any CPU.ActiveCfg = Debug|Any CPU
		{125278D3-EEDA-4B23-BEEE-0CFFCC599C62}.Debug|Any CPU.Build.0 = Debug|Any CPU
		{125278D3-EEDA-4B23-BEEE-0CFFCC599C62}.Release|Any CPU.ActiveCfg = Release|Any CPU
		{125278D3-EEDA-4B23-BEEE-0CFFCC599C62}.Release|Any CPU.Build.0 = Release|Any CPU
	EndGlobalSection
	GlobalSection(SolutionProperties) = preSolution
		HideSolutionNode = FALSE
	EndGlobalSection
	GlobalSection(ExtensibilityGlobals) = postSolution
		SolutionGuid = {7093BB50-5B85-4D31-9F70-02B68DB927AA}
	EndGlobalSection
EndGlobal
